
Microsoft Visual Studio Solution File, Format Version 12.00
# Visual Studio Version 17
VisualStudioVersion = 17.3.32929.385
MinimumVisualStudioVersion = 10.0.40219.1
Project("{FAE04EC0-301F-11D3-BF4B-00C04F79EFBC}") = "SaberCodeBootcamp", "SaberCodeBootcamp.csproj", "{8E798B33-9D04-44AC-87D9-0F6FC6752E27}"
EndProject
Global
	GlobalSection(SolutionConfigurationPlatforms) = preSolution
		Debug|Any CPU = Debug|Any CPU
		Release|Any CPU = Release|Any CPU
	EndGlobalSection
	GlobalSection(ProjectConfigurationPlatforms) = postSolution
		{8E798B33-9D04-44AC-87D9-0F6FC6752E27}.Debug|Any CPU.ActiveCfg = Debug|Any CPU
		{8E798B33-9D04-44AC-87D9-0F6FC6752E27}.Debug|Any CPU.Build.0 = Debug|Any CPU
		{8E798B33-9D04-44AC-87D9-0F6FC6752E27}.Release|Any CPU.ActiveCfg = Release|Any CPU
		{8E798B33-9D04-44AC-87D9-0F6FC6752E27}.Release|Any CPU.Build.0 = Release|Any CPU
	EndGlobalSection
	GlobalSection(SolutionProperties) = preSolution
		HideSolutionNode = FALSE
	EndGlobalSection
	GlobalSection(ExtensibilityGlobals) = postSolution
		SolutionGuid = {25B4614F-67D9-40B4-BA5D-286E3B9323D9}
	EndGlobalSection
EndGlobal
